
Microsoft Visual Studio Solution File, Format Version 12.00
# Visual Studio 15
Project("{FAE04EC0-301F-11D3-BF4B-00C04F79EFBC}") = "Unity3D-Polly", "Assembly-CSharp.csproj", "{1EA4BA20-58E8-A96D-25D6-181758B73AB4}"
EndProject
Project("{FAE04EC0-301F-11D3-BF4B-00C04F79EFBC}") = "Unity3D-Polly", "Assembly-CSharp-firstpass.csproj", "{10225E83-A1ED-810A-3E3B-3D5D4F8387CA}"
EndProject
Global
	GlobalSection(SolutionConfigurationPlatforms) = preSolution
		Debug|Any CPU = Debug|Any CPU
		Release|Any CPU = Release|Any CPU
	EndGlobalSection
	GlobalSection(ProjectConfigurationPlatforms) = postSolution
		{1EA4BA20-58E8-A96D-25D6-181758B73AB4}.Debug|Any CPU.ActiveCfg = Debug|Any CPU
		{1EA4BA20-58E8-A96D-25D6-181758B73AB4}.Debug|Any CPU.Build.0 = Debug|Any CPU
		{1EA4BA20-58E8-A96D-25D6-181758B73AB4}.Release|Any CPU.ActiveCfg = Release|Any CPU
		{1EA4BA20-58E8-A96D-25D6-181758B73AB4}.Release|Any CPU.Build.0 = Release|Any CPU
		{10225E83-A1ED-810A-3E3B-3D5D4F8387CA}.Debug|Any CPU.ActiveCfg = Debug|Any CPU
		{10225E83-A1ED-810A-3E3B-3D5D4F8387CA}.Debug|Any CPU.Build.0 = Debug|Any CPU
		{10225E83-A1ED-810A-3E3B-3D5D4F8387CA}.Release|Any CPU.ActiveCfg = Release|Any CPU
		{10225E83-A1ED-810A-3E3B-3D5D4F8387CA}.Release|Any CPU.Build.0 = Release|Any CPU
	EndGlobalSection
	GlobalSection(SolutionProperties) = preSolution
		HideSolutionNode = FALSE
	EndGlobalSection
EndGlobal
